// !$*UTF8*$!
{
	archiveVersion = 1;
	classes = {
	};
	objectVersion = 50;
	objects = {

/* Begin PBXBuildFile section */
		6046CED927D9C86600D1849F /* AppDelegate.swift in Sources */ = {isa = PBXBuildFile; fileRef = 6046CED827D9C86600D1849F /* AppDelegate.swift */; };
		6046CEE227D9C86B00D1849F /* Assets.xcassets in Resources */ = {isa = PBXBuildFile; fileRef = 6046CEE127D9C86B00D1849F /* Assets.xcassets */; };
		6046CEE527D9C86B00D1849F /* LaunchScreen.storyboard in Resources */ = {isa = PBXBuildFile; fileRef = 6046CEE327D9C86B00D1849F /* LaunchScreen.storyboard */; };
		6046CEEF27D9C9D000D1849F /* HomeViewController.swift in Sources */ = {isa = PBXBuildFile; fileRef = 6046CEED27D9C9D000D1849F /* HomeViewController.swift */; };
		6046CEF027D9C9D000D1849F /* HomeViewController.xib in Resources */ = {isa = PBXBuildFile; fileRef = 6046CEEE27D9C9D000D1849F /* HomeViewController.xib */; };
		6046CEF427D9CAFE00D1849F /* Genres.swift in Sources */ = {isa = PBXBuildFile; fileRef = 6046CEF327D9CAFE00D1849F /* Genres.swift */; };
		6046CEF627D9CB2200D1849F /* Genre.swift in Sources */ = {isa = PBXBuildFile; fileRef = 6046CEF527D9CB2200D1849F /* Genre.swift */; };
		6046CEF927D9CBA200D1849F /* HomeTableViewCell.swift in Sources */ = {isa = PBXBuildFile; fileRef = 6046CEF727D9CBA200D1849F /* HomeTableViewCell.swift */; };
		6046CEFA27D9CBA200D1849F /* HomeTableViewCell.xib in Resources */ = {isa = PBXBuildFile; fileRef = 6046CEF827D9CBA200D1849F /* HomeTableViewCell.xib */; };
		6046CEFD27D9CCD600D1849F /* ApiKey.swift in Sources */ = {isa = PBXBuildFile; fileRef = 6046CEFC27D9CCD600D1849F /* ApiKey.swift */; };
		6046CF0127D9D17600D1849F /* MovieListViewController.swift in Sources */ = {isa = PBXBuildFile; fileRef = 6046CEFF27D9D17600D1849F /* MovieListViewController.swift */; };
		6046CF0227D9D17600D1849F /* MovieListViewController.xib in Resources */ = {isa = PBXBuildFile; fileRef = 6046CF0027D9D17600D1849F /* MovieListViewController.xib */; };
		6046CF0527D9D20C00D1849F /* MovieListResponseDetail.swift in Sources */ = {isa = PBXBuildFile; fileRef = 6046CF0427D9D20C00D1849F /* MovieListResponseDetail.swift */; };
		6046CF0727D9D22700D1849F /* MovieListResponse.swift in Sources */ = {isa = PBXBuildFile; fileRef = 6046CF0627D9D22700D1849F /* MovieListResponse.swift */; };
		6046CF0A27D9D30D00D1849F /* MovieListTableViewCell.swift in Sources */ = {isa = PBXBuildFile; fileRef = 6046CF0827D9D30D00D1849F /* MovieListTableViewCell.swift */; };
		6046CF0B27D9D30D00D1849F /* MovieListTableViewCell.xib in Resources */ = {isa = PBXBuildFile; fileRef = 6046CF0927D9D30D00D1849F /* MovieListTableViewCell.xib */; };
		6046CF0F27D9D6AD00D1849F /* MovieDetailViewController.swift in Sources */ = {isa = PBXBuildFile; fileRef = 6046CF0D27D9D6AD00D1849F /* MovieDetailViewController.swift */; };
		6046CF1027D9D6AD00D1849F /* MovieDetailViewController.xib in Resources */ = {isa = PBXBuildFile; fileRef = 6046CF0E27D9D6AD00D1849F /* MovieDetailViewController.xib */; };
		6046CF1327D9D8FB00D1849F /* MovieReviewsResponseDetail.swift in Sources */ = {isa = PBXBuildFile; fileRef = 6046CF1227D9D8FB00D1849F /* MovieReviewsResponseDetail.swift */; };
		6046CF1527D9D9A100D1849F /* MovieDetailResponse.swift in Sources */ = {isa = PBXBuildFile; fileRef = 6046CF1427D9D9A000D1849F /* MovieDetailResponse.swift */; };
		6046CF1727D9D9B400D1849F /* TrailerVideo.swift in Sources */ = {isa = PBXBuildFile; fileRef = 6046CF1627D9D9B400D1849F /* TrailerVideo.swift */; };
		6046CF1927D9D9CF00D1849F /* TrailerVideoResult.swift in Sources */ = {isa = PBXBuildFile; fileRef = 6046CF1827D9D9CF00D1849F /* TrailerVideoResult.swift */; };
		6046CF1B27D9D9F000D1849F /* MovieReviewsResponse.swift in Sources */ = {isa = PBXBuildFile; fileRef = 6046CF1A27D9D9F000D1849F /* MovieReviewsResponse.swift */; };
		6046CF1E27D9E84F00D1849F /* ReviewTableViewCell.swift in Sources */ = {isa = PBXBuildFile; fileRef = 6046CF1C27D9E84F00D1849F /* ReviewTableViewCell.swift */; };
		6046CF1F27D9E84F00D1849F /* ReviewTableViewCell.xib in Resources */ = {isa = PBXBuildFile; fileRef = 6046CF1D27D9E84F00D1849F /* ReviewTableViewCell.xib */; };
/* End PBXBuildFile section */

/* Begin PBXFileReference section */
		6046CED527D9C86600D1849F /* MyMovieMandiri.app */ = {isa = PBXFileReference; explicitFileType = wrapper.application; includeInIndex = 0; path = MyMovieMandiri.app; sourceTree = BUILT_PRODUCTS_DIR; };
		6046CED827D9C86600D1849F /* AppDelegate.swift */ = {isa = PBXFileReference; lastKnownFileType = sourcecode.swift; path = AppDelegate.swift; sourceTree = "<group>"; };
		6046CEE127D9C86B00D1849F /* Assets.xcassets */ = {isa = PBXFileReference; lastKnownFileType = folder.assetcatalog; path = Assets.xcassets; sourceTree = "<group>"; };
		6046CEE427D9C86B00D1849F /* Base */ = {isa = PBXFileReference; lastKnownFileType = file.storyboard; name = Base; path = Base.lproj/LaunchScreen.storyboard; sourceTree = "<group>"; };
		6046CEE627D9C86B00D1849F /* Info.plist */ = {isa = PBXFileReference; lastKnownFileType = text.plist.xml; path = Info.plist; sourceTree = "<group>"; };
		6046CEED27D9C9D000D1849F /* HomeViewController.swift */ = {isa = PBXFileReference; lastKnownFileType = sourcecode.swift; path = HomeViewController.swift; sourceTree = "<group>"; };
		6046CEEE27D9C9D000D1849F /* HomeViewController.xib */ = {isa = PBXFileReference; lastKnownFileType = file.xib; path = HomeViewController.xib; sourceTree = "<group>"; };
		6046CEF327D9CAFE00D1849F /* Genres.swift */ = {isa = PBXFileReference; lastKnownFileType = sourcecode.swift; path = Genres.swift; sourceTree = "<group>"; };
		6046CEF527D9CB2200D1849F /* Genre.swift */ = {isa = PBXFileReference; lastKnownFileType = sourcecode.swift; path = Genre.swift; sourceTree = "<group>"; };
		6046CEF727D9CBA200D1849F /* HomeTableViewCell.swift */ = {isa = PBXFileReference; lastKnownFileType = sourcecode.swift; path = HomeTableViewCell.swift; sourceTree = "<group>"; };
		6046CEF827D9CBA200D1849F /* HomeTableViewCell.xib */ = {isa = PBXFileReference; lastKnownFileType = file.xib; path = HomeTableViewCell.xib; sourceTree = "<group>"; };
		6046CEFC27D9CCD600D1849F /* ApiKey.swift */ = {isa = PBXFileReference; lastKnownFileType = sourcecode.swift; path = ApiKey.swift; sourceTree = "<group>"; };
		6046CEFF27D9D17600D1849F /* MovieListViewController.swift */ = {isa = PBXFileReference; lastKnownFileType = sourcecode.swift; path = MovieListViewController.swift; sourceTree = "<group>"; };
		6046CF0027D9D17600D1849F /* MovieListViewController.xib */ = {isa = PBXFileReference; lastKnownFileType = file.xib; path = MovieListViewController.xib; sourceTree = "<group>"; };
		6046CF0427D9D20C00D1849F /* MovieListResponseDetail.swift */ = {isa = PBXFileReference; lastKnownFileType = sourcecode.swift; path = MovieListResponseDetail.swift; sourceTree = "<group>"; };
		6046CF0627D9D22700D1849F /* MovieListResponse.swift */ = {isa = PBXFileReference; lastKnownFileType = sourcecode.swift; path = MovieListResponse.swift; sourceTree = "<group>"; };
		6046CF0827D9D30D00D1849F /* MovieListTableViewCell.swift */ = {isa = PBXFileReference; lastKnownFileType = sourcecode.swift; path = MovieListTableViewCell.swift; sourceTree = "<group>"; };
		6046CF0927D9D30D00D1849F /* MovieListTableViewCell.xib */ = {isa = PBXFileReference; lastKnownFileType = file.xib; path = MovieListTableViewCell.xib; sourceTree = "<group>"; };
		6046CF0D27D9D6AD00D1849F /* MovieDetailViewController.swift */ = {isa = PBXFileReference; lastKnownFileType = sourcecode.swift; path = MovieDetailViewController.swift; sourceTree = "<group>"; };
		6046CF0E27D9D6AD00D1849F /* MovieDetailViewController.xib */ = {isa = PBXFileReference; lastKnownFileType = file.xib; path = MovieDetailViewController.xib; sourceTree = "<group>"; };
		6046CF1227D9D8FB00D1849F /* MovieReviewsResponseDetail.swift */ = {isa = PBXFileReference; lastKnownFileType = sourcecode.swift; path = MovieReviewsResponseDetail.swift; sourceTree = "<group>"; };
		6046CF1427D9D9A000D1849F /* MovieDetailResponse.swift */ = {isa = PBXFileReference; lastKnownFileType = sourcecode.swift; path = MovieDetailResponse.swift; sourceTree = "<group>"; };
		6046CF1627D9D9B400D1849F /* TrailerVideo.swift */ = {isa = PBXFileReference; lastKnownFileType = sourcecode.swift; path = TrailerVideo.swift; sourceTree = "<group>"; };
		6046CF1827D9D9CF00D1849F /* TrailerVideoResult.swift */ = {isa = PBXFileReference; lastKnownFileType = sourcecode.swift; path = TrailerVideoResult.swift; sourceTree = "<group>"; };
		6046CF1A27D9D9F000D1849F /* MovieReviewsResponse.swift */ = {isa = PBXFileReference; lastKnownFileType = sourcecode.swift; path = MovieReviewsResponse.swift; sourceTree = "<group>"; };
		6046CF1C27D9E84F00D1849F /* ReviewTableViewCell.swift */ = {isa = PBXFileReference; lastKnownFileType = sourcecode.swift; path = ReviewTableViewCell.swift; sourceTree = "<group>"; };
		6046CF1D27D9E84F00D1849F /* ReviewTableViewCell.xib */ = {isa = PBXFileReference; lastKnownFileType = file.xib; path = ReviewTableViewCell.xib; sourceTree = "<group>"; };
/* End PBXFileReference section */

/* Begin PBXFrameworksBuildPhase section */
		6046CED227D9C86600D1849F /* Frameworks */ = {
			isa = PBXFrameworksBuildPhase;
			buildActionMask = 2147483647;
			files = (
			);
			runOnlyForDeploymentPostprocessing = 0;
		};
/* End PBXFrameworksBuildPhase section */

/* Begin PBXGroup section */
		6046CECC27D9C86600D1849F = {
			isa = PBXGroup;
			children = (
				6046CED727D9C86600D1849F /* MyMovieMandiri */,
				6046CED627D9C86600D1849F /* Products */,
			);
			sourceTree = "<group>";
		};
		6046CED627D9C86600D1849F /* Products */ = {
			isa = PBXGroup;
			children = (
				6046CED527D9C86600D1849F /* MyMovieMandiri.app */,
			);
			name = Products;
			sourceTree = "<group>";
		};
		6046CED727D9C86600D1849F /* MyMovieMandiri */ = {
			isa = PBXGroup;
			children = (
				6046CF0C27D9D68C00D1849F /* Movie Detail */,
				6046CEFE27D9CFFE00D1849F /* Movie List */,
				6046CEFB27D9CCC700D1849F /* Common */,
				6046CEF127D9CADA00D1849F /* Model */,
				6046CEEC27D9C9AE00D1849F /* Home */,
				6046CED827D9C86600D1849F /* AppDelegate.swift */,
				6046CEE127D9C86B00D1849F /* Assets.xcassets */,
				6046CEE327D9C86B00D1849F /* LaunchScreen.storyboard */,
				6046CEE627D9C86B00D1849F /* Info.plist */,
			);
			path = MyMovieMandiri;
			sourceTree = "<group>";
		};
		6046CEEC27D9C9AE00D1849F /* Home */ = {
			isa = PBXGroup;
			children = (
				6046CEED27D9C9D000D1849F /* HomeViewController.swift */,
				6046CEEE27D9C9D000D1849F /* HomeViewController.xib */,
				6046CEF727D9CBA200D1849F /* HomeTableViewCell.swift */,
				6046CEF827D9CBA200D1849F /* HomeTableViewCell.xib */,
			);
			path = Home;
			sourceTree = "<group>";
		};
		6046CEF127D9CADA00D1849F /* Model */ = {
			isa = PBXGroup;
			children = (
				6046CF1127D9D8EC00D1849F /* Movie Detail */,
				6046CF0327D9D1E600D1849F /* Movie List */,
				6046CEF227D9CAE000D1849F /* Home */,
			);
			path = Model;
			sourceTree = "<group>";
		};
		6046CEF227D9CAE000D1849F /* Home */ = {
			isa = PBXGroup;
			children = (
				6046CEF327D9CAFE00D1849F /* Genres.swift */,
				6046CEF527D9CB2200D1849F /* Genre.swift */,
			);
			path = Home;
			sourceTree = "<group>";
		};
		6046CEFB27D9CCC700D1849F /* Common */ = {
			isa = PBXGroup;
			children = (
				6046CEFC27D9CCD600D1849F /* ApiKey.swift */,
			);
			path = Common;
			sourceTree = "<group>";
		};
		6046CEFE27D9CFFE00D1849F /* Movie List */ = {
			isa = PBXGroup;
			children = (
				6046CEFF27D9D17600D1849F /* MovieListViewController.swift */,
				6046CF0027D9D17600D1849F /* MovieListViewController.xib */,
				6046CF0827D9D30D00D1849F /* MovieListTableViewCell.swift */,
				6046CF0927D9D30D00D1849F /* MovieListTableViewCell.xib */,
			);
			path = "Movie List";
			sourceTree = "<group>";
		};
		6046CF0327D9D1E600D1849F /* Movie List */ = {
			isa = PBXGroup;
			children = (
				6046CF0427D9D20C00D1849F /* MovieListResponseDetail.swift */,
				6046CF0627D9D22700D1849F /* MovieListResponse.swift */,
			);
			path = "Movie List";
			sourceTree = "<group>";
		};
		6046CF0C27D9D68C00D1849F /* Movie Detail */ = {
			isa = PBXGroup;
			children = (
				6046CF0D27D9D6AD00D1849F /* MovieDetailViewController.swift */,
				6046CF0E27D9D6AD00D1849F /* MovieDetailViewController.xib */,
				6046CF1C27D9E84F00D1849F /* ReviewTableViewCell.swift */,
				6046CF1D27D9E84F00D1849F /* ReviewTableViewCell.xib */,
			);
			path = "Movie Detail";
			sourceTree = "<group>";
		};
		6046CF1127D9D8EC00D1849F /* Movie Detail */ = {
			isa = PBXGroup;
			children = (
				6046CF1227D9D8FB00D1849F /* MovieReviewsResponseDetail.swift */,
				6046CF1427D9D9A000D1849F /* MovieDetailResponse.swift */,
				6046CF1627D9D9B400D1849F /* TrailerVideo.swift */,
				6046CF1827D9D9CF00D1849F /* TrailerVideoResult.swift */,
				6046CF1A27D9D9F000D1849F /* MovieReviewsResponse.swift */,
			);
			path = "Movie Detail";
			sourceTree = "<group>";
		};
/* End PBXGroup section */

/* Begin PBXNativeTarget section */
		6046CED427D9C86600D1849F /* MyMovieMandiri */ = {
			isa = PBXNativeTarget;
			buildConfigurationList = 6046CEE927D9C86B00D1849F /* Build configuration list for PBXNativeTarget "MyMovieMandiri" */;
			buildPhases = (
				6046CED127D9C86600D1849F /* Sources */,
				6046CED227D9C86600D1849F /* Frameworks */,
				6046CED327D9C86600D1849F /* Resources */,
			);
			buildRules = (
			);
			dependencies = (
			);
			name = MyMovieMandiri;
			productName = MyMovieMandiri;
			productReference = 6046CED527D9C86600D1849F /* MyMovieMandiri.app */;
			productType = "com.apple.product-type.application";
		};
/* End PBXNativeTarget section */

/* Begin PBXProject section */
		6046CECD27D9C86600D1849F /* Project object */ = {
			isa = PBXProject;
			attributes = {
				LastSwiftUpdateCheck = 1250;
				LastUpgradeCheck = 1250;
				TargetAttributes = {
					6046CED427D9C86600D1849F = {
						CreatedOnToolsVersion = 12.5.1;
					};
				};
			};
			buildConfigurationList = 6046CED027D9C86600D1849F /* Build configuration list for PBXProject "MyMovieMandiri" */;
			compatibilityVersion = "Xcode 9.3";
			developmentRegion = en;
			hasScannedForEncodings = 0;
			knownRegions = (
				en,
				Base,
			);
			mainGroup = 6046CECC27D9C86600D1849F;
			productRefGroup = 6046CED627D9C86600D1849F /* Products */;
			projectDirPath = "";
			projectRoot = "";
			targets = (
				6046CED427D9C86600D1849F /* MyMovieMandiri */,
			);
		};
/* End PBXProject section */

/* Begin PBXResourcesBuildPhase section */
		6046CED327D9C86600D1849F /* Resources */ = {
			isa = PBXResourcesBuildPhase;
			buildActionMask = 2147483647;
			files = (
				6046CF1027D9D6AD00D1849F /* MovieDetailViewController.xib in Resources */,
				6046CEE527D9C86B00D1849F /* LaunchScreen.storyboard in Resources */,
				6046CEE227D9C86B00D1849F /* Assets.xcassets in Resources */,
				6046CF0B27D9D30D00D1849F /* MovieListTableViewCell.xib in Resources */,
				6046CEFA27D9CBA200D1849F /* HomeTableViewCell.xib in Resources */,
				6046CF1F27D9E84F00D1849F /* ReviewTableViewCell.xib in Resources */,
				6046CEF027D9C9D000D1849F /* HomeViewController.xib in Resources */,
				6046CF0227D9D17600D1849F /* MovieListViewController.xib in Resources */,
			);
			runOnlyForDeploymentPostprocessing = 0;
		};
/* End PBXResourcesBuildPhase section */

/* Begin PBXSourcesBuildPhase section */
		6046CED127D9C86600D1849F /* Sources */ = {
			isa = PBXSourcesBuildPhase;
			buildActionMask = 2147483647;
			files = (
				6046CEF427D9CAFE00D1849F /* Genres.swift in Sources */,
				6046CEF927D9CBA200D1849F /* HomeTableViewCell.swift in Sources */,
				6046CED927D9C86600D1849F /* AppDelegate.swift in Sources */,
				6046CF1527D9D9A100D1849F /* MovieDetailResponse.swift in Sources */,
				6046CEEF27D9C9D000D1849F /* HomeViewController.swift in Sources */,
				6046CF1327D9D8FB00D1849F /* MovieReviewsResponseDetail.swift in Sources */,
				6046CF0727D9D22700D1849F /* MovieListResponse.swift in Sources */,
				6046CF0127D9D17600D1849F /* MovieListViewController.swift in Sources */,
				6046CEFD27D9CCD600D1849F /* ApiKey.swift in Sources */,
				6046CF1B27D9D9F000D1849F /* MovieReviewsResponse.swift in Sources */,
				6046CF1727D9D9B400D1849F /* TrailerVideo.swift in Sources */,
				6046CF0527D9D20C00D1849F /* MovieListResponseDetail.swift in Sources */,
				6046CF0A27D9D30D00D1849F /* MovieListTableViewCell.swift in Sources */,
				6046CF0F27D9D6AD00D1849F /* MovieDetailViewController.swift in Sources */,
				6046CF1E27D9E84F00D1849F /* ReviewTableViewCell.swift in Sources */,
				6046CF1927D9D9CF00D1849F /* TrailerVideoResult.swift in Sources */,
				6046CEF627D9CB2200D1849F /* Genre.swift in Sources */,
			);
			runOnlyForDeploymentPostprocessing = 0;
		};
/* End PBXSourcesBuildPhase section */

/* Begin PBXVariantGroup section */
		6046CEE327D9C86B00D1849F /* LaunchScreen.storyboard */ = {
			isa = PBXVariantGroup;
			children = (
				6046CEE427D9C86B00D1849F /* Base */,
			);
			name = LaunchScreen.storyboard;
			sourceTree = "<group>";
		};
/* End PBXVariantGroup section */

/* Begin XCBuildConfiguration section */
		6046CEE727D9C86B00D1849F /* Debug */ = {
			isa = XCBuildConfiguration;
			buildSettings = {
				ALWAYS_SEARCH_USER_PATHS = NO;
				CLANG_ANALYZER_NONNULL = YES;
				CLANG_ANALYZER_NUMBER_OBJECT_CONVERSION = YES_AGGRESSIVE;
				CLANG_CXX_LANGUAGE_STANDARD = "gnu++14";
				CLANG_CXX_LIBRARY = "libc++";
				CLANG_ENABLE_MODULES = YES;
				CLANG_ENABLE_OBJC_ARC = YES;
				CLANG_ENABLE_OBJC_WEAK = YES;
				CLANG_WARN_BLOCK_CAPTURE_AUTORELEASING = YES;
				CLANG_WARN_BOOL_CONVERSION = YES;
				CLANG_WARN_COMMA = YES;
				CLANG_WARN_CONSTANT_CONVERSION = YES;
				CLANG_WARN_DEPRECATED_OBJC_IMPLEMENTATIONS = YES;
				CLANG_WARN_DIRECT_OBJC_ISA_USAGE = YES_ERROR;
				CLANG_WARN_DOCUMENTATION_COMMENTS = YES;
				CLANG_WARN_EMPTY_BODY = YES;
				CLANG_WARN_ENUM_CONVERSION = YES;
				CLANG_WARN_INFINITE_RECURSION = YES;
				CLANG_WARN_INT_CONVERSION = YES;
				CLANG_WARN_NON_LITERAL_NULL_CONVERSION = YES;
				CLANG_WARN_OBJC_IMPLICIT_RETAIN_SELF = YES;
				CLANG_WARN_OBJC_LITERAL_CONVERSION = YES;
				CLANG_WARN_OBJC_ROOT_CLASS = YES_ERROR;
				CLANG_WARN_QUOTED_INCLUDE_IN_FRAMEWORK_HEADER = YES;
				CLANG_WARN_RANGE_LOOP_ANALYSIS = YES;
				CLANG_WARN_STRICT_PROTOTYPES = YES;
				CLANG_WARN_SUSPICIOUS_MOVE = YES;
				CLANG_WARN_UNGUARDED_AVAILABILITY = YES_AGGRESSIVE;
				CLANG_WARN_UNREACHABLE_CODE = YES;
				CLANG_WARN__DUPLICATE_METHOD_MATCH = YES;
				COPY_PHASE_STRIP = NO;
				DEBUG_INFORMATION_FORMAT = dwarf;
				ENABLE_STRICT_OBJC_MSGSEND = YES;
				ENABLE_TESTABILITY = YES;
				GCC_C_LANGUAGE_STANDARD = gnu11;
				GCC_DYNAMIC_NO_PIC = NO;
				GCC_NO_COMMON_BLOCKS = YES;
				GCC_OPTIMIZATION_LEVEL = 0;
				GCC_PREPROCESSOR_DEFINITIONS = (
					"DEBUG=1",
					"$(inherited)",
				);
				GCC_WARN_64_TO_32_BIT_CONVERSION = YES;
				GCC_WARN_ABOUT_RETURN_TYPE = YES_ERROR;
				GCC_WARN_UNDECLARED_SELECTOR = YES;
				GCC_WARN_UNINITIALIZED_AUTOS = YES_AGGRESSIVE;
				GCC_WARN_UNUSED_FUNCTION = YES;
				GCC_WARN_UNUSED_VARIABLE = YES;
				IPHONEOS_DEPLOYMENT_TARGET = 14.5;
				MTL_ENABLE_DEBUG_INFO = INCLUDE_SOURCE;
				MTL_FAST_MATH = YES;
				ONLY_ACTIVE_ARCH = YES;
				SDKROOT = iphoneos;
				SWIFT_ACTIVE_COMPILATION_CONDITIONS = DEBUG;
				SWIFT_OPTIMIZATION_LEVEL = "-Onone";
			};
			name = Debug;
		};
		6046CEE827D9C86B00D1849F /* Release */ = {
			isa = XCBuildConfiguration;
			buildSettings = {
				ALWAYS_SEARCH_USER_PATHS = NO;
				CLANG_ANALYZER_NONNULL = YES;
				CLANG_ANALYZER_NUMBER_OBJECT_CONVERSION = YES_AGGRESSIVE;
				CLANG_CXX_LANGUAGE_STANDARD = "gnu++14";
				CLANG_CXX_LIBRARY = "libc++";
				CLANG_ENABLE_MODULES = YES;
				CLANG_ENABLE_OBJC_ARC = YES;
				CLANG_ENABLE_OBJC_WEAK = YES;
				CLANG_WARN_BLOCK_CAPTURE_AUTORELEASING = YES;
				CLANG_WARN_BOOL_CONVERSION = YES;
				CLANG_WARN_COMMA = YES;
				CLANG_WARN_CONSTANT_CONVERSION = YES;
				CLANG_WARN_DEPRECATED_OBJC_IMPLEMENTATIONS = YES;
				CLANG_WARN_DIRECT_OBJC_ISA_USAGE = YES_ERROR;
				CLANG_WARN_DOCUMENTATION_COMMENTS = YES;
				CLANG_WARN_EMPTY_BODY = YES;
				CLANG_WARN_ENUM_CONVERSION = YES;
				CLANG_WARN_INFINITE_RECURSION = YES;
				CLANG_WARN_INT_CONVERSION = YES;
				CLANG_WARN_NON_LITERAL_NULL_CONVERSION = YES;
				CLANG_WARN_OBJC_IMPLICIT_RETAIN_SELF = YES;
				CLANG_WARN_OBJC_LITERAL_CONVERSION = YES;
				CLANG_WARN_OBJC_ROOT_CLASS = YES_ERROR;
				CLANG_WARN_QUOTED_INCLUDE_IN_FRAMEWORK_HEADER = YES;
				CLANG_WARN_RANGE_LOOP_ANALYSIS = YES;
				CLANG_WARN_STRICT_PROTOTYPES = YES;
				CLANG_WARN_SUSPICIOUS_MOVE = YES;
				CLANG_WARN_UNGUARDED_AVAILABILITY = YES_AGGRESSIVE;
				CLANG_WARN_UNREACHABLE_CODE = YES;
				CLANG_WARN__DUPLICATE_METHOD_MATCH = YES;
				COPY_PHASE_STRIP = NO;
				DEBUG_INFORMATION_FORMAT = "dwarf-with-dsym";
				ENABLE_NS_ASSERTIONS = NO;
				ENABLE_STRICT_OBJC_MSGSEND = YES;
				GCC_C_LANGUAGE_STANDARD = gnu11;
				GCC_NO_COMMON_BLOCKS = YES;
				GCC_WARN_64_TO_32_BIT_CONVERSION = YES;
				GCC_WARN_ABOUT_RETURN_TYPE = YES_ERROR;
				GCC_WARN_UNDECLARED_SELECTOR = YES;
				GCC_WARN_UNINITIALIZED_AUTOS = YES_AGGRESSIVE;
				GCC_WARN_UNUSED_FUNCTION = YES;
				GCC_WARN_UNUSED_VARIABLE = YES;
				IPHONEOS_DEPLOYMENT_TARGET = 14.5;
				MTL_ENABLE_DEBUG_INFO = NO;
				MTL_FAST_MATH = YES;
				SDKROOT = iphoneos;
				SWIFT_COMPILATION_MODE = wholemodule;
				SWIFT_OPTIMIZATION_LEVEL = "-O";
				VALIDATE_PRODUCT = YES;
			};
			name = Release;
		};
		6046CEEA27D9C86B00D1849F /* Debug */ = {
			isa = XCBuildConfiguration;
			buildSettings = {
				ASSETCATALOG_COMPILER_APPICON_NAME = AppIcon;
				ASSETCATALOG_COMPILER_GLOBAL_ACCENT_COLOR_NAME = AccentColor;
				CODE_SIGN_STYLE = Automatic;
				DEVELOPMENT_TEAM = XSU8R39RF3;
				INFOPLIST_FILE = MyMovieMandiri/Info.plist;
				LD_RUNPATH_SEARCH_PATHS = (
					"$(inherited)",
					"@executable_path/Frameworks",
				);
				PRODUCT_BUNDLE_IDENTIFIER = com.iskandar.MyMovieMandiri;
				PRODUCT_NAME = "$(TARGET_NAME)";
				SWIFT_VERSION = 5.0;
				TARGETED_DEVICE_FAMILY = "1,2";
			};
			name = Debug;
		};
		6046CEEB27D9C86B00D1849F /* Release */ = {
			isa = XCBuildConfiguration;
			buildSettings = {
				ASSETCATALOG_COMPILER_APPICON_NAME = AppIcon;
				ASSETCATALOG_COMPILER_GLOBAL_ACCENT_COLOR_NAME = AccentColor;
				CODE_SIGN_STYLE = Automatic;
				DEVELOPMENT_TEAM = XSU8R39RF3;
				INFOPLIST_FILE = MyMovieMandiri/Info.plist;
				LD_RUNPATH_SEARCH_PATHS = (
					"$(inherited)",
					"@executable_path/Frameworks",
				);
				PRODUCT_BUNDLE_IDENTIFIER = com.iskandar.MyMovieMandiri;
				PRODUCT_NAME = "$(TARGET_NAME)";
				SWIFT_VERSION = 5.0;
				TARGETED_DEVICE_FAMILY = "1,2";
			};
			name = Release;
		};
/* End XCBuildConfiguration section */

/* Begin XCConfigurationList section */
		6046CED027D9C86600D1849F /* Build configuration list for PBXProject "MyMovieMandiri" */ = {
			isa = XCConfigurationList;
			buildConfigurations = (
				6046CEE727D9C86B00D1849F /* Debug */,
				6046CEE827D9C86B00D1849F /* Release */,
			);
			defaultConfigurationIsVisible = 0;
			defaultConfigurationName = Release;
		};
		6046CEE927D9C86B00D1849F /* Build configuration list for PBXNativeTarget "MyMovieMandiri" */ = {
			isa = XCConfigurationList;
			buildConfigurations = (
				6046CEEA27D9C86B00D1849F /* Debug */,
				6046CEEB27D9C86B00D1849F /* Release */,
			);
			defaultConfigurationIsVisible = 0;
			defaultConfigurationName = Release;
		};
/* End XCConfigurationList section */
	};
	rootObject = 6046CECD27D9C86600D1849F /* Project object */;
}
